
Microsoft Visual Studio Solution File, Format Version 12.00
# Visual Studio Version 17
VisualStudioVersion = 17.11.35312.102
MinimumVisualStudioVersion = 10.0.40219.1
Project("{FAE04EC0-301F-11D3-BF4B-00C04F79EFBC}") = "TimesheetAPI", "TimesheetAPI\TimesheetAPI.csproj", "{6E7E8C0F-5158-42CC-A5F3-2A31474C0F62}"
EndProject
Global
	GlobalSection(SolutionConfigurationPlatforms) = preSolution
		Debug|Any CPU = Debug|Any CPU
		Release|Any CPU = Release|Any CPU
	EndGlobalSection
	GlobalSection(ProjectConfigurationPlatforms) = postSolution
		{6E7E8C0F-5158-42CC-A5F3-2A31474C0F62}.Debug|Any CPU.ActiveCfg = Debug|Any CPU
		{6E7E8C0F-5158-42CC-A5F3-2A31474C0F62}.Debug|Any CPU.Build.0 = Debug|Any CPU
		{6E7E8C0F-5158-42CC-A5F3-2A31474C0F62}.Release|Any CPU.ActiveCfg = Release|Any CPU
		{6E7E8C0F-5158-42CC-A5F3-2A31474C0F62}.Release|Any CPU.Build.0 = Release|Any CPU
	EndGlobalSection
	GlobalSection(SolutionProperties) = preSolution
		HideSolutionNode = FALSE
	EndGlobalSection
	GlobalSection(ExtensibilityGlobals) = postSolution
		SolutionGuid = {79D1AE4A-E350-49EE-A931-3776F58365C2}
	EndGlobalSection
EndGlobal
